
Microsoft Visual Studio Solution File, Format Version 12.00
# Visual Studio Version 16
VisualStudioVersion = 16.0.31729.503
MinimumVisualStudioVersion = 10.0.40219.1
Project("{9A19103F-16F7-4668-BE54-9A1E7A4F7556}") = "Task-1", "Task-1\Task-1.csproj", "{670F42E6-CFD8-4338-AAD9-21D72AC588EA}"
EndProject
Project("{9A19103F-16F7-4668-BE54-9A1E7A4F7556}") = "Task-2", "Task-2\Task-2.csproj", "{60416730-8273-4FFD-9E69-0178EA049775}"
EndProject
Project("{9A19103F-16F7-4668-BE54-9A1E7A4F7556}") = "Task-3", "Task-3\Task-3.csproj", "{50D1DE20-3EC5-48CB-8151-FFC03DE09CC4}"
EndProject
Project("{9A19103F-16F7-4668-BE54-9A1E7A4F7556}") = "Task-4", "Task-4\Task-4.csproj", "{CA152F75-1888-4F0B-AB29-B5D96019E0A4}"
EndProject
Project("{9A19103F-16F7-4668-BE54-9A1E7A4F7556}") = "Task-5", "Task-5\Task-5.csproj", "{3E219BC5-22CB-4265-A003-BED8D1BCADD7}"
EndProject
Project("{9A19103F-16F7-4668-BE54-9A1E7A4F7556}") = "Task-8", "Task-8\Task-8.csproj", "{59728868-98E5-4B3E-BD82-8F9C11B85A97}"
EndProject
Project("{9A19103F-16F7-4668-BE54-9A1E7A4F7556}") = "Task-9", "Task-9\Task-9.csproj", "{C1BBE15F-39D3-415E-8DDE-DF9C28F25D0D}"
EndProject
Project("{9A19103F-16F7-4668-BE54-9A1E7A4F7556}") = "Task-10", "Task-10\Task-10.csproj", "{0D7C9ECA-53F0-474B-A6A3-CA5D9E73E480}"
EndProject
Project("{9A19103F-16F7-4668-BE54-9A1E7A4F7556}") = "Task-11", "Task-11\Task-11.csproj", "{03A4D3D4-1831-4365-A05C-0ACADA6DD635}"
EndProject
Project("{9A19103F-16F7-4668-BE54-9A1E7A4F7556}") = "Task-6", "Task-6\Task-6.csproj", "{7DBE318A-23C9-4A9B-BB23-731A83622F54}"
EndProject
Project("{9A19103F-16F7-4668-BE54-9A1E7A4F7556}") = "Task-12", "Task-12\Task-12.csproj", "{51321F31-647F-4610-AC8B-3F7FF7924355}"
EndProject
Project("{9A19103F-16F7-4668-BE54-9A1E7A4F7556}") = "Task-13", "Task-13\Task-13.csproj", "{D5FF45DA-3172-4262-9C29-0201A8A71682}"
EndProject
Project("{9A19103F-16F7-4668-BE54-9A1E7A4F7556}") = "Task-14", "Task-14\Task-14.csproj", "{BCDECF7F-DD55-486D-986D-064507660ED0}"
EndProject
Project("{9A19103F-16F7-4668-BE54-9A1E7A4F7556}") = "Task-15", "Task-15\Task-15.csproj", "{4A7749FA-9C4F-4B86-ABF8-7C530D553BE6}"
EndProject
Project("{FAE04EC0-301F-11D3-BF4B-00C04F79EFBC}") = "Task--7", "Task--7\Task--7.csproj", "{2A8E218A-AE21-49BA-821C-190344B5152B}"
EndProject
Project("{FAE04EC0-301F-11D3-BF4B-00C04F79EFBC}") = "Task-7", "Task-7\Task-7.csproj", "{06D78C0B-6EB8-4B37-86C7-2E3CAEE330C2}"
EndProject
Global
	GlobalSection(SolutionConfigurationPlatforms) = preSolution
		Debug|Any CPU = Debug|Any CPU
		Release|Any CPU = Release|Any CPU
	EndGlobalSection
	GlobalSection(ProjectConfigurationPlatforms) = postSolution
		{670F42E6-CFD8-4338-AAD9-21D72AC588EA}.Debug|Any CPU.ActiveCfg = Debug|Any CPU
		{670F42E6-CFD8-4338-AAD9-21D72AC588EA}.Debug|Any CPU.Build.0 = Debug|Any CPU
		{670F42E6-CFD8-4338-AAD9-21D72AC588EA}.Release|Any CPU.ActiveCfg = Release|Any CPU
		{670F42E6-CFD8-4338-AAD9-21D72AC588EA}.Release|Any CPU.Build.0 = Release|Any CPU
		{60416730-8273-4FFD-9E69-0178EA049775}.Debug|Any CPU.ActiveCfg = Debug|Any CPU
		{60416730-8273-4FFD-9E69-0178EA049775}.Debug|Any CPU.Build.0 = Debug|Any CPU
		{60416730-8273-4FFD-9E69-0178EA049775}.Release|Any CPU.ActiveCfg = Release|Any CPU
		{60416730-8273-4FFD-9E69-0178EA049775}.Release|Any CPU.Build.0 = Release|Any CPU
		{50D1DE20-3EC5-48CB-8151-FFC03DE09CC4}.Debug|Any CPU.ActiveCfg = Debug|Any CPU
		{50D1DE20-3EC5-48CB-8151-FFC03DE09CC4}.Debug|Any CPU.Build.0 = Debug|Any CPU
		{50D1DE20-3EC5-48CB-8151-FFC03DE09CC4}.Release|Any CPU.ActiveCfg = Release|Any CPU
		{50D1DE20-3EC5-48CB-8151-FFC03DE09CC4}.Release|Any CPU.Build.0 = Release|Any CPU
		{CA152F75-1888-4F0B-AB29-B5D96019E0A4}.Debug|Any CPU.ActiveCfg = Debug|Any CPU
		{CA152F75-1888-4F0B-AB29-B5D96019E0A4}.Debug|Any CPU.Build.0 = Debug|Any CPU
		{CA152F75-1888-4F0B-AB29-B5D96019E0A4}.Release|Any CPU.ActiveCfg = Release|Any CPU
		{CA152F75-1888-4F0B-AB29-B5D96019E0A4}.Release|Any CPU.Build.0 = Release|Any CPU
		{3E219BC5-22CB-4265-A003-BED8D1BCADD7}.Debug|Any CPU.ActiveCfg = Debug|Any CPU
		{3E219BC5-22CB-4265-A003-BED8D1BCADD7}.Debug|Any CPU.Build.0 = Debug|Any CPU
		{3E219BC5-22CB-4265-A003-BED8D1BCADD7}.Release|Any CPU.ActiveCfg = Release|Any CPU
		{3E219BC5-22CB-4265-A003-BED8D1BCADD7}.Release|Any CPU.Build.0 = Release|Any CPU
		{59728868-98E5-4B3E-BD82-8F9C11B85A97}.Debug|Any CPU.ActiveCfg = Debug|Any CPU
		{59728868-98E5-4B3E-BD82-8F9C11B85A97}.Debug|Any CPU.Build.0 = Debug|Any CPU
		{59728868-98E5-4B3E-BD82-8F9C11B85A97}.Release|Any CPU.ActiveCfg = Release|Any CPU
		{59728868-98E5-4B3E-BD82-8F9C11B85A97}.Release|Any CPU.Build.0 = Release|Any CPU
		{C1BBE15F-39D3-415E-8DDE-DF9C28F25D0D}.Debug|Any CPU.ActiveCfg = Debug|Any CPU
		{C1BBE15F-39D3-415E-8DDE-DF9C28F25D0D}.Debug|Any CPU.Build.0 = Debug|Any CPU
		{C1BBE15F-39D3-415E-8DDE-DF9C28F25D0D}.Release|Any CPU.ActiveCfg = Release|Any CPU
		{C1BBE15F-39D3-415E-8DDE-DF9C28F25D0D}.Release|Any CPU.Build.0 = Release|Any CPU
		{0D7C9ECA-53F0-474B-A6A3-CA5D9E73E480}.Debug|Any CPU.ActiveCfg = Debug|Any CPU
		{0D7C9ECA-53F0-474B-A6A3-CA5D9E73E480}.Debug|Any CPU.Build.0 = Debug|Any CPU
		{0D7C9ECA-53F0-474B-A6A3-CA5D9E73E480}.Release|Any CPU.ActiveCfg = Release|Any CPU
		{0D7C9ECA-53F0-474B-A6A3-CA5D9E73E480}.Release|Any CPU.Build.0 = Release|Any CPU
		{03A4D3D4-1831-4365-A05C-0ACADA6DD635}.Debug|Any CPU.ActiveCfg = Debug|Any CPU
		{03A4D3D4-1831-4365-A05C-0ACADA6DD635}.Debug|Any CPU.Build.0 = Debug|Any CPU
		{03A4D3D4-1831-4365-A05C-0ACADA6DD635}.Release|Any CPU.ActiveCfg = Release|Any CPU
		{03A4D3D4-1831-4365-A05C-0ACADA6DD635}.Release|Any CPU.Build.0 = Release|Any CPU
		{7DBE318A-23C9-4A9B-BB23-731A83622F54}.Debug|Any CPU.ActiveCfg = Debug|Any CPU
		{7DBE318A-23C9-4A9B-BB23-731A83622F54}.Debug|Any CPU.Build.0 = Debug|Any CPU
		{7DBE318A-23C9-4A9B-BB23-731A83622F54}.Release|Any CPU.ActiveCfg = Release|Any CPU
		{7DBE318A-23C9-4A9B-BB23-731A83622F54}.Release|Any CPU.Build.0 = Release|Any CPU
		{51321F31-647F-4610-AC8B-3F7FF7924355}.Debug|Any CPU.ActiveCfg = Debug|Any CPU
		{51321F31-647F-4610-AC8B-3F7FF7924355}.Debug|Any CPU.Build.0 = Debug|Any CPU
		{51321F31-647F-4610-AC8B-3F7FF7924355}.Release|Any CPU.ActiveCfg = Release|Any CPU
		{51321F31-647F-4610-AC8B-3F7FF7924355}.Release|Any CPU.Build.0 = Release|Any CPU
		{D5FF45DA-3172-4262-9C29-0201A8A71682}.Debug|Any CPU.ActiveCfg = Debug|Any CPU
		{D5FF45DA-3172-4262-9C29-0201A8A71682}.Debug|Any CPU.Build.0 = Debug|Any CPU
		{D5FF45DA-3172-4262-9C29-0201A8A71682}.Release|Any CPU.ActiveCfg = Release|Any CPU
		{D5FF45DA-3172-4262-9C29-0201A8A71682}.Release|Any CPU.Build.0 = Release|Any CPU
		{BCDECF7F-DD55-486D-986D-064507660ED0}.Debug|Any CPU.ActiveCfg = Debug|Any CPU
		{BCDECF7F-DD55-486D-986D-064507660ED0}.Debug|Any CPU.Build.0 = Debug|Any CPU
		{BCDECF7F-DD55-486D-986D-064507660ED0}.Release|Any CPU.ActiveCfg = Release|Any CPU
		{BCDECF7F-DD55-486D-986D-064507660ED0}.Release|Any CPU.Build.0 = Release|Any CPU
		{4A7749FA-9C4F-4B86-ABF8-7C530D553BE6}.Debug|Any CPU.ActiveCfg = Debug|Any CPU
		{4A7749FA-9C4F-4B86-ABF8-7C530D553BE6}.Debug|Any CPU.Build.0 = Debug|Any CPU
		{4A7749FA-9C4F-4B86-ABF8-7C530D553BE6}.Release|Any CPU.ActiveCfg = Release|Any CPU
		{4A7749FA-9C4F-4B86-ABF8-7C530D553BE6}.Release|Any CPU.Build.0 = Release|Any CPU
		{2A8E218A-AE21-49BA-821C-190344B5152B}.Debug|Any CPU.ActiveCfg = Debug|Any CPU
		{2A8E218A-AE21-49BA-821C-190344B5152B}.Debug|Any CPU.Build.0 = Debug|Any CPU
		{2A8E218A-AE21-49BA-821C-190344B5152B}.Release|Any CPU.ActiveCfg = Release|Any CPU
		{2A8E218A-AE21-49BA-821C-190344B5152B}.Release|Any CPU.Build.0 = Release|Any CPU
		{06D78C0B-6EB8-4B37-86C7-2E3CAEE330C2}.Debug|Any CPU.ActiveCfg = Debug|Any CPU
		{06D78C0B-6EB8-4B37-86C7-2E3CAEE330C2}.Debug|Any CPU.Build.0 = Debug|Any CPU
		{06D78C0B-6EB8-4B37-86C7-2E3CAEE330C2}.Release|Any CPU.ActiveCfg = Release|Any CPU
		{06D78C0B-6EB8-4B37-86C7-2E3CAEE330C2}.Release|Any CPU.Build.0 = Release|Any CPU
	EndGlobalSection
	GlobalSection(SolutionProperties) = preSolution
		HideSolutionNode = FALSE
	EndGlobalSection
	GlobalSection(ExtensibilityGlobals) = postSolution
		SolutionGuid = {AFE69625-94E6-4E1B-9EDD-67E2F214C47D}
	EndGlobalSection
EndGlobal
